
Microsoft Visual Studio Solution File, Format Version 12.00
# Visual Studio Version 16
VisualStudioVersion = 16.0.31911.196
MinimumVisualStudioVersion = 10.0.40219.1
Project("{FAE04EC0-301F-11D3-BF4B-00C04F79EFBC}") = "Primeiro", "Primeiro\Primeiro.csproj", "{8D7A69DC-1EFB-496A-9D6E-F352A0AADD97}"
EndProject
Global
	GlobalSection(SolutionConfigurationPlatforms) = preSolution
		Debug|Any CPU = Debug|Any CPU
		Release|Any CPU = Release|Any CPU
	EndGlobalSection
	GlobalSection(ProjectConfigurationPlatforms) = postSolution
		{8D7A69DC-1EFB-496A-9D6E-F352A0AADD97}.Debug|Any CPU.ActiveCfg = Debug|Any CPU
		{8D7A69DC-1EFB-496A-9D6E-F352A0AADD97}.Debug|Any CPU.Build.0 = Debug|Any CPU
		{8D7A69DC-1EFB-496A-9D6E-F352A0AADD97}.Release|Any CPU.ActiveCfg = Release|Any CPU
		{8D7A69DC-1EFB-496A-9D6E-F352A0AADD97}.Release|Any CPU.Build.0 = Release|Any CPU
	EndGlobalSection
	GlobalSection(SolutionProperties) = preSolution
		HideSolutionNode = FALSE
	EndGlobalSection
	GlobalSection(ExtensibilityGlobals) = postSolution
		SolutionGuid = {0ADFE0C8-82CE-4BD2-A330-7B4CD00C887A}
	EndGlobalSection
EndGlobal
